
Microsoft Visual Studio Solution File, Format Version 12.00
# Visual Studio Version 16
VisualStudioVersion = 16.0.31729.503
MinimumVisualStudioVersion = 10.0.40219.1
Project("{FAE04EC0-301F-11D3-BF4B-00C04F79EFBC}") = "Sample OOP Pro", "Sample OOP Pro.csproj", "{30ADA2B1-A8D1-405E-9F38-7417F7F7AC26}"
EndProject
Global
	GlobalSection(SolutionConfigurationPlatforms) = preSolution
		Debug|Any CPU = Debug|Any CPU
		Release|Any CPU = Release|Any CPU
	EndGlobalSection
	GlobalSection(ProjectConfigurationPlatforms) = postSolution
		{30ADA2B1-A8D1-405E-9F38-7417F7F7AC26}.Debug|Any CPU.ActiveCfg = Debug|Any CPU
		{30ADA2B1-A8D1-405E-9F38-7417F7F7AC26}.Debug|Any CPU.Build.0 = Debug|Any CPU
		{30ADA2B1-A8D1-405E-9F38-7417F7F7AC26}.Release|Any CPU.ActiveCfg = Release|Any CPU
		{30ADA2B1-A8D1-405E-9F38-7417F7F7AC26}.Release|Any CPU.Build.0 = Release|Any CPU
	EndGlobalSection
	GlobalSection(SolutionProperties) = preSolution
		HideSolutionNode = FALSE
	EndGlobalSection
	GlobalSection(ExtensibilityGlobals) = postSolution
		SolutionGuid = {C04BD4CD-7D9B-462B-B6E5-56A69691DBFC}
	EndGlobalSection
EndGlobal
